// !$*UTF8*$!
{
	archiveVersion = 1;
	classes = {
	};
	objectVersion = 55;
	objects = {

/* Begin PBXBuildFile section */
		1EDBABB975FE5368BE0D139D /* Pods_SesacDamagochi.framework in Frameworks */ = {isa = PBXBuildFile; fileRef = CDE763040C20BE3FE5B8C30D /* Pods_SesacDamagochi.framework */; };
		A2130377288CF71F0022683C /* SeclectCollectionViewController.swift in Sources */ = {isa = PBXBuildFile; fileRef = A2130376288CF71F0022683C /* SeclectCollectionViewController.swift */; };
		A2130379288CF74C0022683C /* SelectCollectionViewCell.swift in Sources */ = {isa = PBXBuildFile; fileRef = A2130378288CF74C0022683C /* SelectCollectionViewCell.swift */; };
		A22F7A39288C2D4700214EA3 /* rabbit-hatching.json in Resources */ = {isa = PBXBuildFile; fileRef = A22F7A38288C2D4700214EA3 /* rabbit-hatching.json */; };
		A2592E15288C1CA0009EBB4F /* Damagochi.swift in Sources */ = {isa = PBXBuildFile; fileRef = A2592E14288C1CA0009EBB4F /* Damagochi.swift */; };
		A2592E17288C2169009EBB4F /* UIColor+Extension.swift in Sources */ = {isa = PBXBuildFile; fileRef = A2592E16288C2169009EBB4F /* UIColor+Extension.swift */; };
		A2592E1B288C2451009EBB4F /* Dialogue.swift in Sources */ = {isa = PBXBuildFile; fileRef = A2592E1A288C2451009EBB4F /* Dialogue.swift */; };
		A2592E21288C2860009EBB4F /* Toast in Frameworks */ = {isa = PBXBuildFile; productRef = A2592E20288C2860009EBB4F /* Toast */; };
		A2592E24288C2889009EBB4F /* TextFieldEffects in Frameworks */ = {isa = PBXBuildFile; productRef = A2592E23288C2889009EBB4F /* TextFieldEffects */; };
		A2CFAA79288A8A9800FBEC52 /* AppDelegate.swift in Sources */ = {isa = PBXBuildFile; fileRef = A2CFAA78288A8A9800FBEC52 /* AppDelegate.swift */; };
		A2CFAA7B288A8A9800FBEC52 /* SceneDelegate.swift in Sources */ = {isa = PBXBuildFile; fileRef = A2CFAA7A288A8A9800FBEC52 /* SceneDelegate.swift */; };
		A2CFAA7D288A8A9800FBEC52 /* ViewController.swift in Sources */ = {isa = PBXBuildFile; fileRef = A2CFAA7C288A8A9800FBEC52 /* ViewController.swift */; };
		A2CFAA80288A8A9800FBEC52 /* Main.storyboard in Resources */ = {isa = PBXBuildFile; fileRef = A2CFAA7E288A8A9800FBEC52 /* Main.storyboard */; };
		A2CFAA82288A8A9900FBEC52 /* Assets.xcassets in Resources */ = {isa = PBXBuildFile; fileRef = A2CFAA81288A8A9900FBEC52 /* Assets.xcassets */; };
		A2CFAA85288A8A9900FBEC52 /* LaunchScreen.storyboard in Resources */ = {isa = PBXBuildFile; fileRef = A2CFAA83288A8A9900FBEC52 /* LaunchScreen.storyboard */; };
		A2FA41B2288D1F150065656B /* DetailPopupViewController.swift in Sources */ = {isa = PBXBuildFile; fileRef = A2FA41B1288D1F150065656B /* DetailPopupViewController.swift */; };
/* End PBXBuildFile section */

/* Begin PBXFileReference section */
		2A01D87A96D83739D890E04F /* Pods-SesacDamagochi.release.xcconfig */ = {isa = PBXFileReference; includeInIndex = 1; lastKnownFileType = text.xcconfig; name = "Pods-SesacDamagochi.release.xcconfig"; path = "Target Support Files/Pods-SesacDamagochi/Pods-SesacDamagochi.release.xcconfig"; sourceTree = "<group>"; };
		477E6293A10B9C6762AD82AB /* Pods-SesacDamagochi.debug.xcconfig */ = {isa = PBXFileReference; includeInIndex = 1; lastKnownFileType = text.xcconfig; name = "Pods-SesacDamagochi.debug.xcconfig"; path = "Target Support Files/Pods-SesacDamagochi/Pods-SesacDamagochi.debug.xcconfig"; sourceTree = "<group>"; };
		A2130376288CF71F0022683C /* SeclectCollectionViewController.swift */ = {isa = PBXFileReference; lastKnownFileType = sourcecode.swift; path = SeclectCollectionViewController.swift; sourceTree = "<group>"; };
		A2130378288CF74C0022683C /* SelectCollectionViewCell.swift */ = {isa = PBXFileReference; lastKnownFileType = sourcecode.swift; path = SelectCollectionViewCell.swift; sourceTree = "<group>"; };
		A22F7A38288C2D4700214EA3 /* rabbit-hatching.json */ = {isa = PBXFileReference; fileEncoding = 4; lastKnownFileType = text.json; path = "rabbit-hatching.json"; sourceTree = "<group>"; };
		A2592E14288C1CA0009EBB4F /* Damagochi.swift */ = {isa = PBXFileReference; lastKnownFileType = sourcecode.swift; path = Damagochi.swift; sourceTree = "<group>"; };
		A2592E16288C2169009EBB4F /* UIColor+Extension.swift */ = {isa = PBXFileReference; lastKnownFileType = sourcecode.swift; path = "UIColor+Extension.swift"; sourceTree = "<group>"; };
		A2592E1A288C2451009EBB4F /* Dialogue.swift */ = {isa = PBXFileReference; lastKnownFileType = sourcecode.swift; path = Dialogue.swift; sourceTree = "<group>"; };
		A2CFAA75288A8A9800FBEC52 /* SesacDamagochi.app */ = {isa = PBXFileReference; explicitFileType = wrapper.application; includeInIndex = 0; path = SesacDamagochi.app; sourceTree = BUILT_PRODUCTS_DIR; };
		A2CFAA78288A8A9800FBEC52 /* AppDelegate.swift */ = {isa = PBXFileReference; lastKnownFileType = sourcecode.swift; path = AppDelegate.swift; sourceTree = "<group>"; };
		A2CFAA7A288A8A9800FBEC52 /* SceneDelegate.swift */ = {isa = PBXFileReference; lastKnownFileType = sourcecode.swift; path = SceneDelegate.swift; sourceTree = "<group>"; };
		A2CFAA7C288A8A9800FBEC52 /* ViewController.swift */ = {isa = PBXFileReference; lastKnownFileType = sourcecode.swift; path = ViewController.swift; sourceTree = "<group>"; };
		A2CFAA7F288A8A9800FBEC52 /* Base */ = {isa = PBXFileReference; lastKnownFileType = file.storyboard; name = Base; path = Base.lproj/Main.storyboard; sourceTree = "<group>"; };
		A2CFAA81288A8A9900FBEC52 /* Assets.xcassets */ = {isa = PBXFileReference; lastKnownFileType = folder.assetcatalog; path = Assets.xcassets; sourceTree = "<group>"; };
		A2CFAA84288A8A9900FBEC52 /* Base */ = {isa = PBXFileReference; lastKnownFileType = file.storyboard; name = Base; path = Base.lproj/LaunchScreen.storyboard; sourceTree = "<group>"; };
		A2CFAA86288A8A9900FBEC52 /* Info.plist */ = {isa = PBXFileReference; lastKnownFileType = text.plist.xml; path = Info.plist; sourceTree = "<group>"; };
		A2FA41B1288D1F150065656B /* DetailPopupViewController.swift */ = {isa = PBXFileReference; lastKnownFileType = sourcecode.swift; path = DetailPopupViewController.swift; sourceTree = "<group>"; };
		CDE763040C20BE3FE5B8C30D /* Pods_SesacDamagochi.framework */ = {isa = PBXFileReference; explicitFileType = wrapper.framework; includeInIndex = 0; path = Pods_SesacDamagochi.framework; sourceTree = BUILT_PRODUCTS_DIR; };
/* End PBXFileReference section */

/* Begin PBXFrameworksBuildPhase section */
		A2CFAA72288A8A9800FBEC52 /* Frameworks */ = {
			isa = PBXFrameworksBuildPhase;
			buildActionMask = 2147483647;
			files = (
				A2592E24288C2889009EBB4F /* TextFieldEffects in Frameworks */,
				A2592E21288C2860009EBB4F /* Toast in Frameworks */,
				1EDBABB975FE5368BE0D139D /* Pods_SesacDamagochi.framework in Frameworks */,
			);
			runOnlyForDeploymentPostprocessing = 0;
		};
/* End PBXFrameworksBuildPhase section */

/* Begin PBXGroup section */
		72A05C66EBAE7E03ECAB3235 /* Pods */ = {
			isa = PBXGroup;
			children = (
				477E6293A10B9C6762AD82AB /* Pods-SesacDamagochi.debug.xcconfig */,
				2A01D87A96D83739D890E04F /* Pods-SesacDamagochi.release.xcconfig */,
			);
			path = Pods;
			sourceTree = "<group>";
		};
		A2592E13288C1C8A009EBB4F /* App */ = {
			isa = PBXGroup;
			children = (
				A2CFAA78288A8A9800FBEC52 /* AppDelegate.swift */,
				A2CFAA7A288A8A9800FBEC52 /* SceneDelegate.swift */,
			);
			path = App;
			sourceTree = "<group>";
		};
		A2592E18288C2177009EBB4F /* Extension */ = {
			isa = PBXGroup;
			children = (
				A2592E16288C2169009EBB4F /* UIColor+Extension.swift */,
			);
			path = Extension;
			sourceTree = "<group>";
		};
		A2592E19288C240E009EBB4F /* Data */ = {
			isa = PBXGroup;
			children = (
				A2592E14288C1CA0009EBB4F /* Damagochi.swift */,
				A2592E1A288C2451009EBB4F /* Dialogue.swift */,
			);
			path = Data;
			sourceTree = "<group>";
		};
		A2CFAA6C288A8A9800FBEC52 = {
			isa = PBXGroup;
			children = (
				A2CFAA77288A8A9800FBEC52 /* SesacDamagochi */,
				A2CFAA76288A8A9800FBEC52 /* Products */,
				72A05C66EBAE7E03ECAB3235 /* Pods */,
				D6ABF105F6CEF93EB6FB80F1 /* Frameworks */,
			);
			sourceTree = "<group>";
		};
		A2CFAA76288A8A9800FBEC52 /* Products */ = {
			isa = PBXGroup;
			children = (
				A2CFAA75288A8A9800FBEC52 /* SesacDamagochi.app */,
			);
			name = Products;
			sourceTree = "<group>";
		};
		A2CFAA77288A8A9800FBEC52 /* SesacDamagochi */ = {
			isa = PBXGroup;
			children = (
				A22F7A38288C2D4700214EA3 /* rabbit-hatching.json */,
				A2592E13288C1C8A009EBB4F /* App */,
				A2CFAA7C288A8A9800FBEC52 /* ViewController.swift */,
				A2CFAA7E288A8A9800FBEC52 /* Main.storyboard */,
				A2FA41B1288D1F150065656B /* DetailPopupViewController.swift */,
				A2130376288CF71F0022683C /* SeclectCollectionViewController.swift */,
				A2130378288CF74C0022683C /* SelectCollectionViewCell.swift */,
				A2592E19288C240E009EBB4F /* Data */,
				A2592E18288C2177009EBB4F /* Extension */,
				A2CFAA81288A8A9900FBEC52 /* Assets.xcassets */,
				A2CFAA83288A8A9900FBEC52 /* LaunchScreen.storyboard */,
				A2CFAA86288A8A9900FBEC52 /* Info.plist */,
			);
			path = SesacDamagochi;
			sourceTree = "<group>";
		};
		D6ABF105F6CEF93EB6FB80F1 /* Frameworks */ = {
			isa = PBXGroup;
			children = (
				CDE763040C20BE3FE5B8C30D /* Pods_SesacDamagochi.framework */,
			);
			name = Frameworks;
			sourceTree = "<group>";
		};
/* End PBXGroup section */

/* Begin PBXNativeTarget section */
		A2CFAA74288A8A9800FBEC52 /* SesacDamagochi */ = {
			isa = PBXNativeTarget;
			buildConfigurationList = A2CFAA89288A8A9900FBEC52 /* Build configuration list for PBXNativeTarget "SesacDamagochi" */;
			buildPhases = (
				5CBA53CD03F543D6A66910B4 /* [CP] Check Pods Manifest.lock */,
				A2CFAA71288A8A9800FBEC52 /* Sources */,
				A2CFAA72288A8A9800FBEC52 /* Frameworks */,
				A2CFAA73288A8A9800FBEC52 /* Resources */,
				DB91CD51776F4DA4A24B023D /* [CP] Embed Pods Frameworks */,
			);
			buildRules = (
			);
			dependencies = (
			);
			name = SesacDamagochi;
			packageProductDependencies = (
				A2592E20288C2860009EBB4F /* Toast */,
				A2592E23288C2889009EBB4F /* TextFieldEffects */,
			);
			productName = SesacDamagochi;
			productReference = A2CFAA75288A8A9800FBEC52 /* SesacDamagochi.app */;
			productType = "com.apple.product-type.application";
		};
/* End PBXNativeTarget section */

/* Begin PBXProject section */
		A2CFAA6D288A8A9800FBEC52 /* Project object */ = {
			isa = PBXProject;
			attributes = {
				BuildIndependentTargetsInParallel = 1;
				LastSwiftUpdateCheck = 1340;
				LastUpgradeCheck = 1340;
				TargetAttributes = {
					A2CFAA74288A8A9800FBEC52 = {
						CreatedOnToolsVersion = 13.4.1;
					};
				};
			};
			buildConfigurationList = A2CFAA70288A8A9800FBEC52 /* Build configuration list for PBXProject "SesacDamagochi" */;
			compatibilityVersion = "Xcode 13.0";
			developmentRegion = en;
			hasScannedForEncodings = 0;
			knownRegions = (
				en,
				Base,
			);
			mainGroup = A2CFAA6C288A8A9800FBEC52;
			packageReferences = (
				A2592E1F288C2860009EBB4F /* XCRemoteSwiftPackageReference "Toast-Swift" */,
				A2592E22288C2889009EBB4F /* XCRemoteSwiftPackageReference "TextFieldEffects" */,
			);
			productRefGroup = A2CFAA76288A8A9800FBEC52 /* Products */;
			projectDirPath = "";
			projectRoot = "";
			targets = (
				A2CFAA74288A8A9800FBEC52 /* SesacDamagochi */,
			);
		};
/* End PBXProject section */

/* Begin PBXResourcesBuildPhase section */
		A2CFAA73288A8A9800FBEC52 /* Resources */ = {
			isa = PBXResourcesBuildPhase;
			buildActionMask = 2147483647;
			files = (
				A22F7A39288C2D4700214EA3 /* rabbit-hatching.json in Resources */,
				A2CFAA85288A8A9900FBEC52 /* LaunchScreen.storyboard in Resources */,
				A2CFAA82288A8A9900FBEC52 /* Assets.xcassets in Resources */,
				A2CFAA80288A8A9800FBEC52 /* Main.storyboard in Resources */,
			);
			runOnlyForDeploymentPostprocessing = 0;
		};
/* End PBXResourcesBuildPhase section */

/* Begin PBXShellScriptBuildPhase section */
		5CBA53CD03F543D6A66910B4 /* [CP] Check Pods Manifest.lock */ = {
			isa = PBXShellScriptBuildPhase;
			buildActionMask = 2147483647;
			files = (
			);
			inputFileListPaths = (
			);
			inputPaths = (
				"${PODS_PODFILE_DIR_PATH}/Podfile.lock",
				"${PODS_ROOT}/Manifest.lock",
			);
			name = "[CP] Check Pods Manifest.lock";
			outputFileListPaths = (
			);
			outputPaths = (
				"$(DERIVED_FILE_DIR)/Pods-SesacDamagochi-checkManifestLockResult.txt",
			);
			runOnlyForDeploymentPostprocessing = 0;
			shellPath = /bin/sh;
			shellScript = "diff \"${PODS_PODFILE_DIR_PATH}/Podfile.lock\" \"${PODS_ROOT}/Manifest.lock\" > /dev/null\nif [ $? != 0 ] ; then\n    # print error to STDERR\n    echo \"error: The sandbox is not in sync with the Podfile.lock. Run 'pod install' or update your CocoaPods installation.\" >&2\n    exit 1\nfi\n# This output is used by Xcode 'outputs' to avoid re-running this script phase.\necho \"SUCCESS\" > \"${SCRIPT_OUTPUT_FILE_0}\"\n";
			showEnvVarsInLog = 0;
		};
		DB91CD51776F4DA4A24B023D /* [CP] Embed Pods Frameworks */ = {
			isa = PBXShellScriptBuildPhase;
			buildActionMask = 2147483647;
			files = (
			);
			inputFileListPaths = (
				"${PODS_ROOT}/Target Support Files/Pods-SesacDamagochi/Pods-SesacDamagochi-frameworks-${CONFIGURATION}-input-files.xcfilelist",
			);
			name = "[CP] Embed Pods Frameworks";
			outputFileListPaths = (
				"${PODS_ROOT}/Target Support Files/Pods-SesacDamagochi/Pods-SesacDamagochi-frameworks-${CONFIGURATION}-output-files.xcfilelist",
			);
			runOnlyForDeploymentPostprocessing = 0;
			shellPath = /bin/sh;
			shellScript = "\"${PODS_ROOT}/Target Support Files/Pods-SesacDamagochi/Pods-SesacDamagochi-frameworks.sh\"\n";
			showEnvVarsInLog = 0;
		};
/* End PBXShellScriptBuildPhase section */

/* Begin PBXSourcesBuildPhase section */
		A2CFAA71288A8A9800FBEC52 /* Sources */ = {
			isa = PBXSourcesBuildPhase;
			buildActionMask = 2147483647;
			files = (
				A2130379288CF74C0022683C /* SelectCollectionViewCell.swift in Sources */,
				A2CFAA7D288A8A9800FBEC52 /* ViewController.swift in Sources */,
				A2CFAA79288A8A9800FBEC52 /* AppDelegate.swift in Sources */,
				A2CFAA7B288A8A9800FBEC52 /* SceneDelegate.swift in Sources */,
				A2592E1B288C2451009EBB4F /* Dialogue.swift in Sources */,
				A2130377288CF71F0022683C /* SeclectCollectionViewController.swift in Sources */,
				A2592E15288C1CA0009EBB4F /* Damagochi.swift in Sources */,
				A2592E17288C2169009EBB4F /* UIColor+Extension.swift in Sources */,
				A2FA41B2288D1F150065656B /* DetailPopupViewController.swift in Sources */,
			);
			runOnlyForDeploymentPostprocessing = 0;
		};
/* End PBXSourcesBuildPhase section */

/* Begin PBXVariantGroup section */
		A2CFAA7E288A8A9800FBEC52 /* Main.storyboard */ = {
			isa = PBXVariantGroup;
			children = (
				A2CFAA7F288A8A9800FBEC52 /* Base */,
			);
			name = Main.storyboard;
			sourceTree = "<group>";
		};
		A2CFAA83288A8A9900FBEC52 /* LaunchScreen.storyboard */ = {
			isa = PBXVariantGroup;
			children = (
				A2CFAA84288A8A9900FBEC52 /* Base */,
			);
			name = LaunchScreen.storyboard;
			sourceTree = "<group>";
		};
/* End PBXVariantGroup section */

/* Begin XCBuildConfiguration section */
		A2CFAA87288A8A9900FBEC52 /* Debug */ = {
			isa = XCBuildConfiguration;
			buildSettings = {
				ALWAYS_SEARCH_USER_PATHS = NO;
				CLANG_ANALYZER_NONNULL = YES;
				CLANG_ANALYZER_NUMBER_OBJECT_CONVERSION = YES_AGGRESSIVE;
				CLANG_CXX_LANGUAGE_STANDARD = "gnu++17";
				CLANG_ENABLE_MODULES = YES;
				CLANG_ENABLE_OBJC_ARC = YES;
				CLANG_ENABLE_OBJC_WEAK = YES;
				CLANG_WARN_BLOCK_CAPTURE_AUTORELEASING = YES;
				CLANG_WARN_BOOL_CONVERSION = YES;
				CLANG_WARN_COMMA = YES;
				CLANG_WARN_CONSTANT_CONVERSION = YES;
				CLANG_WARN_DEPRECATED_OBJC_IMPLEMENTATIONS = YES;
				CLANG_WARN_DIRECT_OBJC_ISA_USAGE = YES_ERROR;
				CLANG_WARN_DOCUMENTATION_COMMENTS = YES;
				CLANG_WARN_EMPTY_BODY = YES;
				CLANG_WARN_ENUM_CONVERSION = YES;
				CLANG_WARN_INFINITE_RECURSION = YES;
				CLANG_WARN_INT_CONVERSION = YES;
				CLANG_WARN_NON_LITERAL_NULL_CONVERSION = YES;
				CLANG_WARN_OBJC_IMPLICIT_RETAIN_SELF = YES;
				CLANG_WARN_OBJC_LITERAL_CONVERSION = YES;
				CLANG_WARN_OBJC_ROOT_CLASS = YES_ERROR;
				CLANG_WARN_QUOTED_INCLUDE_IN_FRAMEWORK_HEADER = YES;
				CLANG_WARN_RANGE_LOOP_ANALYSIS = YES;
				CLANG_WARN_STRICT_PROTOTYPES = YES;
				CLANG_WARN_SUSPICIOUS_MOVE = YES;
				CLANG_WARN_UNGUARDED_AVAILABILITY = YES_AGGRESSIVE;
				CLANG_WARN_UNREACHABLE_CODE = YES;
				CLANG_WARN__DUPLICATE_METHOD_MATCH = YES;
				COPY_PHASE_STRIP = NO;
				DEBUG_INFORMATION_FORMAT = dwarf;
				ENABLE_STRICT_OBJC_MSGSEND = YES;
				ENABLE_TESTABILITY = YES;
				GCC_C_LANGUAGE_STANDARD = gnu11;
				GCC_DYNAMIC_NO_PIC = NO;
				GCC_NO_COMMON_BLOCKS = YES;
				GCC_OPTIMIZATION_LEVEL = 0;
				GCC_PREPROCESSOR_DEFINITIONS = (
					"DEBUG=1",
					"$(inherited)",
				);
				GCC_WARN_64_TO_32_BIT_CONVERSION = YES;
				GCC_WARN_ABOUT_RETURN_TYPE = YES_ERROR;
				GCC_WARN_UNDECLARED_SELECTOR = YES;
				GCC_WARN_UNINITIALIZED_AUTOS = YES_AGGRESSIVE;
				GCC_WARN_UNUSED_FUNCTION = YES;
				GCC_WARN_UNUSED_VARIABLE = YES;
				IPHONEOS_DEPLOYMENT_TARGET = 15.5;
				MTL_ENABLE_DEBUG_INFO = INCLUDE_SOURCE;
				MTL_FAST_MATH = YES;
				ONLY_ACTIVE_ARCH = YES;
				SDKROOT = iphoneos;
				SWIFT_ACTIVE_COMPILATION_CONDITIONS = DEBUG;
				SWIFT_OPTIMIZATION_LEVEL = "-Onone";
			};
			name = Debug;
		};
		A2CFAA88288A8A9900FBEC52 /* Release */ = {
			isa = XCBuildConfiguration;
			buildSettings = {
				ALWAYS_SEARCH_USER_PATHS = NO;
				CLANG_ANALYZER_NONNULL = YES;
				CLANG_ANALYZER_NUMBER_OBJECT_CONVERSION = YES_AGGRESSIVE;
				CLANG_CXX_LANGUAGE_STANDARD = "gnu++17";
				CLANG_ENABLE_MODULES = YES;
				CLANG_ENABLE_OBJC_ARC = YES;
				CLANG_ENABLE_OBJC_WEAK = YES;
				CLANG_WARN_BLOCK_CAPTURE_AUTORELEASING = YES;
				CLANG_WARN_BOOL_CONVERSION = YES;
				CLANG_WARN_COMMA = YES;
				CLANG_WARN_CONSTANT_CONVERSION = YES;
				CLANG_WARN_DEPRECATED_OBJC_IMPLEMENTATIONS = YES;
				CLANG_WARN_DIRECT_OBJC_ISA_USAGE = YES_ERROR;
				CLANG_WARN_DOCUMENTATION_COMMENTS = YES;
				CLANG_WARN_EMPTY_BODY = YES;
				CLANG_WARN_ENUM_CONVERSION = YES;
				CLANG_WARN_INFINITE_RECURSION = YES;
				CLANG_WARN_INT_CONVERSION = YES;
				CLANG_WARN_NON_LITERAL_NULL_CONVERSION = YES;
				CLANG_WARN_OBJC_IMPLICIT_RETAIN_SELF = YES;
				CLANG_WARN_OBJC_LITERAL_CONVERSION = YES;
				CLANG_WARN_OBJC_ROOT_CLASS = YES_ERROR;
				CLANG_WARN_QUOTED_INCLUDE_IN_FRAMEWORK_HEADER = YES;
				CLANG_WARN_RANGE_LOOP_ANALYSIS = YES;
				CLANG_WARN_STRICT_PROTOTYPES = YES;
				CLANG_WARN_SUSPICIOUS_MOVE = YES;
				CLANG_WARN_UNGUARDED_AVAILABILITY = YES_AGGRESSIVE;
				CLANG_WARN_UNREACHABLE_CODE = YES;
				CLANG_WARN__DUPLICATE_METHOD_MATCH = YES;
				COPY_PHASE_STRIP = NO;
				DEBUG_INFORMATION_FORMAT = "dwarf-with-dsym";
				ENABLE_NS_ASSERTIONS = NO;
				ENABLE_STRICT_OBJC_MSGSEND = YES;
				GCC_C_LANGUAGE_STANDARD = gnu11;
				GCC_NO_COMMON_BLOCKS = YES;
				GCC_WARN_64_TO_32_BIT_CONVERSION = YES;
				GCC_WARN_ABOUT_RETURN_TYPE = YES_ERROR;
				GCC_WARN_UNDECLARED_SELECTOR = YES;
				GCC_WARN_UNINITIALIZED_AUTOS = YES_AGGRESSIVE;
				GCC_WARN_UNUSED_FUNCTION = YES;
				GCC_WARN_UNUSED_VARIABLE = YES;
				IPHONEOS_DEPLOYMENT_TARGET = 15.5;
				MTL_ENABLE_DEBUG_INFO = NO;
				MTL_FAST_MATH = YES;
				SDKROOT = iphoneos;
				SWIFT_COMPILATION_MODE = wholemodule;
				SWIFT_OPTIMIZATION_LEVEL = "-O";
				VALIDATE_PRODUCT = YES;
			};
			name = Release;
		};
		A2CFAA8A288A8A9900FBEC52 /* Debug */ = {
			isa = XCBuildConfiguration;
			baseConfigurationReference = 477E6293A10B9C6762AD82AB /* Pods-SesacDamagochi.debug.xcconfig */;
			buildSettings = {
				ASSETCATALOG_COMPILER_APPICON_NAME = AppIcon;
				ASSETCATALOG_COMPILER_GLOBAL_ACCENT_COLOR_NAME = AccentColor;
				CODE_SIGN_STYLE = Automatic;
				CURRENT_PROJECT_VERSION = 1;
				DEVELOPMENT_TEAM = F7B353LPM3;
				GENERATE_INFOPLIST_FILE = YES;
				INFOPLIST_FILE = SesacDamagochi/Info.plist;
				INFOPLIST_KEY_UIApplicationSupportsIndirectInputEvents = YES;
				INFOPLIST_KEY_UILaunchStoryboardName = Main;
				INFOPLIST_KEY_UIMainStoryboardFile = Main;
				INFOPLIST_KEY_UISupportedInterfaceOrientations_iPad = "UIInterfaceOrientationPortrait UIInterfaceOrientationPortraitUpsideDown UIInterfaceOrientationLandscapeLeft UIInterfaceOrientationLandscapeRight";
				INFOPLIST_KEY_UISupportedInterfaceOrientations_iPhone = UIInterfaceOrientationPortrait;
				IPHONEOS_DEPLOYMENT_TARGET = 15.0;
				LD_RUNPATH_SEARCH_PATHS = (
					"$(inherited)",
					"@executable_path/Frameworks",
				);
				MARKETING_VERSION = 1.0;
				PRODUCT_BUNDLE_IDENTIFIER = com.kimdee.SesacDamagochi;
				PRODUCT_NAME = "$(TARGET_NAME)";
				SWIFT_EMIT_LOC_STRINGS = YES;
				SWIFT_VERSION = 5.0;
				TARGETED_DEVICE_FAMILY = 1;
			};
			name = Debug;
		};
		A2CFAA8B288A8A9900FBEC52 /* Release */ = {
			isa = XCBuildConfiguration;
			baseConfigurationReference = 2A01D87A96D83739D890E04F /* Pods-SesacDamagochi.release.xcconfig */;
			buildSettings = {
				ASSETCATALOG_COMPILER_APPICON_NAME = AppIcon;
				ASSETCATALOG_COMPILER_GLOBAL_ACCENT_COLOR_NAME = AccentColor;
				CODE_SIGN_STYLE = Automatic;
				CURRENT_PROJECT_VERSION = 1;
				DEVELOPMENT_TEAM = F7B353LPM3;
				GENERATE_INFOPLIST_FILE = YES;
				INFOPLIST_FILE = SesacDamagochi/Info.plist;
				INFOPLIST_KEY_UIApplicationSupportsIndirectInputEvents = YES;
				INFOPLIST_KEY_UILaunchStoryboardName = Main;
				INFOPLIST_KEY_UIMainStoryboardFile = Main;
				INFOPLIST_KEY_UISupportedInterfaceOrientations_iPad = "UIInterfaceOrientationPortrait UIInterfaceOrientationPortraitUpsideDown UIInterfaceOrientationLandscapeLeft UIInterfaceOrientationLandscapeRight";
				INFOPLIST_KEY_UISupportedInterfaceOrientations_iPhone = UIInterfaceOrientationPortrait;
				IPHONEOS_DEPLOYMENT_TARGET = 15.0;
				LD_RUNPATH_SEARCH_PATHS = (
					"$(inherited)",
					"@executable_path/Frameworks",
				);
				MARKETING_VERSION = 1.0;
				PRODUCT_BUNDLE_IDENTIFIER = com.kimdee.SesacDamagochi;
				PRODUCT_NAME = "$(TARGET_NAME)";
				SWIFT_EMIT_LOC_STRINGS = YES;
				SWIFT_VERSION = 5.0;
				TARGETED_DEVICE_FAMILY = 1;
			};
			name = Release;
		};
/* End XCBuildConfiguration section */

/* Begin XCConfigurationList section */
		A2CFAA70288A8A9800FBEC52 /* Build configuration list for PBXProject "SesacDamagochi" */ = {
			isa = XCConfigurationList;
			buildConfigurations = (
				A2CFAA87288A8A9900FBEC52 /* Debug */,
				A2CFAA88288A8A9900FBEC52 /* Release */,
			);
			defaultConfigurationIsVisible = 0;
			defaultConfigurationName = Release;
		};
		A2CFAA89288A8A9900FBEC52 /* Build configuration list for PBXNativeTarget "SesacDamagochi" */ = {
			isa = XCConfigurationList;
			buildConfigurations = (
				A2CFAA8A288A8A9900FBEC52 /* Debug */,
				A2CFAA8B288A8A9900FBEC52 /* Release */,
			);
			defaultConfigurationIsVisible = 0;
			defaultConfigurationName = Release;
		};
/* End XCConfigurationList section */

/* Begin XCRemoteSwiftPackageReference section */
		A2592E1F288C2860009EBB4F /* XCRemoteSwiftPackageReference "Toast-Swift" */ = {
			isa = XCRemoteSwiftPackageReference;
			repositoryURL = "https://github.com/scalessec/Toast-Swift";
			requirement = {
				kind = upToNextMajorVersion;
				minimumVersion = 5.0.0;
			};
		};
		A2592E22288C2889009EBB4F /* XCRemoteSwiftPackageReference "TextFieldEffects" */ = {
			isa = XCRemoteSwiftPackageReference;
			repositoryURL = "https://github.com/raulriera/TextFieldEffects";
			requirement = {
				kind = upToNextMajorVersion;
				minimumVersion = 1.0.0;
			};
		};
/* End XCRemoteSwiftPackageReference section */

/* Begin XCSwiftPackageProductDependency section */
		A2592E20288C2860009EBB4F /* Toast */ = {
			isa = XCSwiftPackageProductDependency;
			package = A2592E1F288C2860009EBB4F /* XCRemoteSwiftPackageReference "Toast-Swift" */;
			productName = Toast;
		};
		A2592E23288C2889009EBB4F /* TextFieldEffects */ = {
			isa = XCSwiftPackageProductDependency;
			package = A2592E22288C2889009EBB4F /* XCRemoteSwiftPackageReference "TextFieldEffects" */;
			productName = TextFieldEffects;
		};
/* End XCSwiftPackageProductDependency section */
	};
	rootObject = A2CFAA6D288A8A9800FBEC52 /* Project object */;
}
